// !$*UTF8*$!
{
	archiveVersion = 1;
	classes = {
	};
	objectVersion = 77;
	objects = {

/* Begin PBXBuildFile section */
		06DB54446C328E66FFD1A494 /* AlarmKitScheduler.swift in Sources */ = {isa = PBXBuildFile; fileRef = 982C5C9DA1E0E6814EDAD684 /* AlarmKitScheduler.swift */; };
		0EDE4CE8267312F25F224805 /* plex_sans_jp_regular.ttf in Resources */ = {isa = PBXBuildFile; fileRef = D2AF8727D8A981996E1355D9 /* plex_sans_jp_regular.ttf */; };
		12F8D12737B1B7401B66CA1E /* outfit_medium.ttf in Resources */ = {isa = PBXBuildFile; fileRef = 64370CDCC54B81F0CD76CFAC /* outfit_medium.ttf */; };
		1AC90D4E8D2703925A409766 /* EventKitReader.swift in Sources */ = {isa = PBXBuildFile; fileRef = E327F22CF200C73E0FB08AA7 /* EventKitReader.swift */; };
		29622F303C81E6C8561DA830 /* outfit_extralight.ttf in Resources */ = {isa = PBXBuildFile; fileRef = CF4FE1923E95F87EA8A05028 /* outfit_extralight.ttf */; };
		2DF8005728D2E0319C73F77B /* plex_sans_jp_medium.ttf in Resources */ = {isa = PBXBuildFile; fileRef = F45C2D331E41E02B34FBDBF3 /* plex_sans_jp_medium.ttf */; };
		2E6FBB230347EBF9423F1C52 /* RingingView.swift in Sources */ = {isa = PBXBuildFile; fileRef = 8688F25F9579677C2080FB0E /* RingingView.swift */; };
		40D1C13EB37C422D85A661DF /* plex_sans_jp_semibold.ttf in Resources */ = {isa = PBXBuildFile; fileRef = D2D9928A082C610D9B0A9D67 /* plex_sans_jp_semibold.ttf */; };
		4E39CD6EA7BC70A764AACD7A /* Engine.swift in Sources */ = {isa = PBXBuildFile; fileRef = 24F9472624F7ECEBFD26FF3E /* Engine.swift */; };
		4E485751888C27D65F6C4ABA /* MailImportView.swift in Sources */ = {isa = PBXBuildFile; fileRef = B399458D4913DD152149CADA /* MailImportView.swift */; };
		54E5C67790C94D5298C69492 /* CalendarAlarmWidget.appex in Embed Foundation Extensions */ = {isa = PBXBuildFile; fileRef = 218C782FC3E24320A8442DC3 /* CalendarAlarmWidget.appex */; settings = {ATTRIBUTES = (RemoveHeadersOnCopy, ); }; };
		56C929D3E057A4F1B62C284A /* SettingsView.swift in Sources */ = {isa = PBXBuildFile; fileRef = 70278C1DA89E0C3594F39E2A /* SettingsView.swift */; };
		61495687E00D3BDC4E29BB9B /* EventDetailSheet.swift in Sources */ = {isa = PBXBuildFile; fileRef = C93BB72148CA1464D80ABDAB /* EventDetailSheet.swift */; };
		626990B5CF8E3DC8C227D393 /* OpenRouterService.swift in Sources */ = {isa = PBXBuildFile; fileRef = 01AB4C06EB145E37B770350C /* OpenRouterService.swift */; };
		6FD84B70A4880BED419DDD24 /* AgendaViewsIOS.swift in Sources */ = {isa = PBXBuildFile; fileRef = 9A431831DE81C49A75897127 /* AgendaViewsIOS.swift */; };
		7004B8AD94302AD02ADCB4D4 /* OnboardingView.swift in Sources */ = {isa = PBXBuildFile; fileRef = EB316460E096240BBFE8B475 /* OnboardingView.swift */; };
		70C15B080DE1D75F672A4741 /* Theme.swift in Sources */ = {isa = PBXBuildFile; fileRef = C59894E1200D6FB530B33BED /* Theme.swift */; };
		78335F051083F14CA2C916EE /* WeatherService.swift in Sources */ = {isa = PBXBuildFile; fileRef = 7384BC516B1FE4FB2F672E67 /* WeatherService.swift */; };
		83DF4A4775FDA2DFD643DF85 /* MailShareExt.appex in Embed Foundation Extensions */ = {isa = PBXBuildFile; fileRef = 90ED19FA826B4A1503E171A1 /* MailShareExt.appex */; settings = {ATTRIBUTES = (RemoveHeadersOnCopy, ); }; };
		84CB7D0E16454D83E7DD74BE /* SharedKitBridge.swift in Sources */ = {isa = PBXBuildFile; fileRef = F5CB9C72F79CDC56058DD028 /* SharedKitBridge.swift */; };
		88AD950DD0441ABF8DBADCAE /* AlarmsView.swift in Sources */ = {isa = PBXBuildFile; fileRef = E4F003771A83A79DB1D7C14D /* AlarmsView.swift */; };
		8DA98EC782D9732A40A26D31 /* outfit_regular.ttf in Resources */ = {isa = PBXBuildFile; fileRef = 9B5EFAB358775E656E932A66 /* outfit_regular.ttf */; };
		8F780525F00F3096C5364349 /* ShareViewController.swift in Sources */ = {isa = PBXBuildFile; fileRef = EE03925928578DE0F3DE47BB /* ShareViewController.swift */; };
		A18B776969A5B61C602C3D89 /* outfit_semibold.ttf in Resources */ = {isa = PBXBuildFile; fileRef = C694CCA1128C6527CB1476DC /* outfit_semibold.ttf */; };
		A6D274A92BA0F9A706CB3085 /* CalendarAlarmWidget.swift in Sources */ = {isa = PBXBuildFile; fileRef = DD581386A891F7FC538C69A5 /* CalendarAlarmWidget.swift */; };
		A793851C3CD7E4B1FDBE5794 /* Store.swift in Sources */ = {isa = PBXBuildFile; fileRef = F4F8642EDA4CA9194F126132 /* Store.swift */; };
		AAFC4648F481E8E284EC4F80 /* outfit_light.ttf in Resources */ = {isa = PBXBuildFile; fileRef = 8DD3A0F17E4F13654090ABE8 /* outfit_light.ttf */; };
		B419682EEBC47B0FA0D3144C /* AgendaView.swift in Sources */ = {isa = PBXBuildFile; fileRef = 66A4F7800854676434D761F4 /* AgendaView.swift */; };
		BD5D619B846CB9BA9C171212 /* TitleCodesSheet.swift in Sources */ = {isa = PBXBuildFile; fileRef = 7A3A04452A7A85976807934D /* TitleCodesSheet.swift */; };
		C81DC1220A1AA99DF92EE408 /* TimerView.swift in Sources */ = {isa = PBXBuildFile; fileRef = A7F9E4A9E5713FBCAE6C31A3 /* TimerView.swift */; };
		C85633A926A38048ACF31244 /* WeatherBackdropView.swift in Sources */ = {isa = PBXBuildFile; fileRef = E77D9C74BAD6E368F79E4264 /* WeatherBackdropView.swift */; };
		D00DDF3835BD77953502752A /* CalendarAlarmApp.swift in Sources */ = {isa = PBXBuildFile; fileRef = 1664780F463A19E9DA0C56BA /* CalendarAlarmApp.swift */; };
		D5FE40480C851F233EFBA4B6 /* plex_sans_jp_light.ttf in Resources */ = {isa = PBXBuildFile; fileRef = 93E52D4230819F38EC3DE33A /* plex_sans_jp_light.ttf */; };
		FD5F5F9529EEDE44FE18F446 /* Models.swift in Sources */ = {isa = PBXBuildFile; fileRef = 3C4B1C1CFBE436D31467257B /* Models.swift */; };
/* End PBXBuildFile section */

/* Begin PBXContainerItemProxy section */
		3AD70F7A16702DCF24845DAF /* PBXContainerItemProxy */ = {
			isa = PBXContainerItemProxy;
			containerPortal = DE0179BC75C1681044CE6A86 /* Project object */;
			proxyType = 1;
			remoteGlobalIDString = 7620626984EAA58FC20789E4;
			remoteInfo = MailShareExt;
		};
		8275E279FBB19AFD05896BBA /* PBXContainerItemProxy */ = {
			isa = PBXContainerItemProxy;
			containerPortal = DE0179BC75C1681044CE6A86 /* Project object */;
			proxyType = 1;
			remoteGlobalIDString = CF9949E44635BD9D5B3AD451;
			remoteInfo = CalendarAlarmWidget;
		};
/* End PBXContainerItemProxy section */

/* Begin PBXCopyFilesBuildPhase section */
		618126C3CFF053A5283862C7 /* Embed Foundation Extensions */ = {
			isa = PBXCopyFilesBuildPhase;
			buildActionMask = 2147483647;
			dstPath = "";
			dstSubfolderSpec = 13;
			files = (
				54E5C67790C94D5298C69492 /* CalendarAlarmWidget.appex in Embed Foundation Extensions */,
				83DF4A4775FDA2DFD643DF85 /* MailShareExt.appex in Embed Foundation Extensions */,
			);
			name = "Embed Foundation Extensions";
			runOnlyForDeploymentPostprocessing = 0;
		};
/* End PBXCopyFilesBuildPhase section */

/* Begin PBXFileReference section */
		01AB4C06EB145E37B770350C /* OpenRouterService.swift */ = {isa = PBXFileReference; lastKnownFileType = sourcecode.swift; path = OpenRouterService.swift; sourceTree = "<group>"; };
		1664780F463A19E9DA0C56BA /* CalendarAlarmApp.swift */ = {isa = PBXFileReference; lastKnownFileType = sourcecode.swift; path = CalendarAlarmApp.swift; sourceTree = "<group>"; };
		218C782FC3E24320A8442DC3 /* CalendarAlarmWidget.appex */ = {isa = PBXFileReference; includeInIndex = 0; lastKnownFileType = "wrapper.app-extension"; path = CalendarAlarmWidget.appex; sourceTree = BUILT_PRODUCTS_DIR; };
		24F9472624F7ECEBFD26FF3E /* Engine.swift */ = {isa = PBXFileReference; lastKnownFileType = sourcecode.swift; path = Engine.swift; sourceTree = "<group>"; };
		2F0A11DC2B493DF079DC6BD6 /* CalendarAlarmWidget.entitlements */ = {isa = PBXFileReference; lastKnownFileType = text.plist.entitlements; path = CalendarAlarmWidget.entitlements; sourceTree = "<group>"; };
		3C4B1C1CFBE436D31467257B /* Models.swift */ = {isa = PBXFileReference; lastKnownFileType = sourcecode.swift; path = Models.swift; sourceTree = "<group>"; };
		64370CDCC54B81F0CD76CFAC /* outfit_medium.ttf */ = {isa = PBXFileReference; lastKnownFileType = file; path = outfit_medium.ttf; sourceTree = "<group>"; };
		66A4F7800854676434D761F4 /* AgendaView.swift */ = {isa = PBXFileReference; lastKnownFileType = sourcecode.swift; path = AgendaView.swift; sourceTree = "<group>"; };
		70278C1DA89E0C3594F39E2A /* SettingsView.swift */ = {isa = PBXFileReference; lastKnownFileType = sourcecode.swift; path = SettingsView.swift; sourceTree = "<group>"; };
		7384BC516B1FE4FB2F672E67 /* WeatherService.swift */ = {isa = PBXFileReference; lastKnownFileType = sourcecode.swift; path = WeatherService.swift; sourceTree = "<group>"; };
		7A3A04452A7A85976807934D /* TitleCodesSheet.swift */ = {isa = PBXFileReference; lastKnownFileType = sourcecode.swift; path = TitleCodesSheet.swift; sourceTree = "<group>"; };
		8688F25F9579677C2080FB0E /* RingingView.swift */ = {isa = PBXFileReference; lastKnownFileType = sourcecode.swift; path = RingingView.swift; sourceTree = "<group>"; };
		8DD3A0F17E4F13654090ABE8 /* outfit_light.ttf */ = {isa = PBXFileReference; lastKnownFileType = file; path = outfit_light.ttf; sourceTree = "<group>"; };
		90ED19FA826B4A1503E171A1 /* MailShareExt.appex */ = {isa = PBXFileReference; includeInIndex = 0; lastKnownFileType = "wrapper.app-extension"; path = MailShareExt.appex; sourceTree = BUILT_PRODUCTS_DIR; };
		93E52D4230819F38EC3DE33A /* plex_sans_jp_light.ttf */ = {isa = PBXFileReference; lastKnownFileType = file; path = plex_sans_jp_light.ttf; sourceTree = "<group>"; };
		982C5C9DA1E0E6814EDAD684 /* AlarmKitScheduler.swift */ = {isa = PBXFileReference; lastKnownFileType = sourcecode.swift; path = AlarmKitScheduler.swift; sourceTree = "<group>"; };
		9A431831DE81C49A75897127 /* AgendaViewsIOS.swift */ = {isa = PBXFileReference; lastKnownFileType = sourcecode.swift; path = AgendaViewsIOS.swift; sourceTree = "<group>"; };
		9B5EFAB358775E656E932A66 /* outfit_regular.ttf */ = {isa = PBXFileReference; lastKnownFileType = file; path = outfit_regular.ttf; sourceTree = "<group>"; };
		9BC0FA0EA0069BF21E257989 /* iosApp.app */ = {isa = PBXFileReference; includeInIndex = 0; lastKnownFileType = wrapper.application; path = iosApp.app; sourceTree = BUILT_PRODUCTS_DIR; };
		A7F9E4A9E5713FBCAE6C31A3 /* TimerView.swift */ = {isa = PBXFileReference; lastKnownFileType = sourcecode.swift; path = TimerView.swift; sourceTree = "<group>"; };
		B399458D4913DD152149CADA /* MailImportView.swift */ = {isa = PBXFileReference; lastKnownFileType = sourcecode.swift; path = MailImportView.swift; sourceTree = "<group>"; };
		C59894E1200D6FB530B33BED /* Theme.swift */ = {isa = PBXFileReference; lastKnownFileType = sourcecode.swift; path = Theme.swift; sourceTree = "<group>"; };
		C694CCA1128C6527CB1476DC /* outfit_semibold.ttf */ = {isa = PBXFileReference; lastKnownFileType = file; path = outfit_semibold.ttf; sourceTree = "<group>"; };
		C93BB72148CA1464D80ABDAB /* EventDetailSheet.swift */ = {isa = PBXFileReference; lastKnownFileType = sourcecode.swift; path = EventDetailSheet.swift; sourceTree = "<group>"; };
		CF4FE1923E95F87EA8A05028 /* outfit_extralight.ttf */ = {isa = PBXFileReference; lastKnownFileType = file; path = outfit_extralight.ttf; sourceTree = "<group>"; };
		D2AF8727D8A981996E1355D9 /* plex_sans_jp_regular.ttf */ = {isa = PBXFileReference; lastKnownFileType = file; path = plex_sans_jp_regular.ttf; sourceTree = "<group>"; };
		D2D9928A082C610D9B0A9D67 /* plex_sans_jp_semibold.ttf */ = {isa = PBXFileReference; lastKnownFileType = file; path = plex_sans_jp_semibold.ttf; sourceTree = "<group>"; };
		DD581386A891F7FC538C69A5 /* CalendarAlarmWidget.swift */ = {isa = PBXFileReference; lastKnownFileType = sourcecode.swift; path = CalendarAlarmWidget.swift; sourceTree = "<group>"; };
		E327F22CF200C73E0FB08AA7 /* EventKitReader.swift */ = {isa = PBXFileReference; lastKnownFileType = sourcecode.swift; path = EventKitReader.swift; sourceTree = "<group>"; };
		E4F003771A83A79DB1D7C14D /* AlarmsView.swift */ = {isa = PBXFileReference; lastKnownFileType = sourcecode.swift; path = AlarmsView.swift; sourceTree = "<group>"; };
		E77D9C74BAD6E368F79E4264 /* WeatherBackdropView.swift */ = {isa = PBXFileReference; lastKnownFileType = sourcecode.swift; path = WeatherBackdropView.swift; sourceTree = "<group>"; };
		EB316460E096240BBFE8B475 /* OnboardingView.swift */ = {isa = PBXFileReference; lastKnownFileType = sourcecode.swift; path = OnboardingView.swift; sourceTree = "<group>"; };
		EE03925928578DE0F3DE47BB /* ShareViewController.swift */ = {isa = PBXFileReference; lastKnownFileType = sourcecode.swift; path = ShareViewController.swift; sourceTree = "<group>"; };
		F45C2D331E41E02B34FBDBF3 /* plex_sans_jp_medium.ttf */ = {isa = PBXFileReference; lastKnownFileType = file; path = plex_sans_jp_medium.ttf; sourceTree = "<group>"; };
		F4F8642EDA4CA9194F126132 /* Store.swift */ = {isa = PBXFileReference; lastKnownFileType = sourcecode.swift; path = Store.swift; sourceTree = "<group>"; };
		F5CB9C72F79CDC56058DD028 /* SharedKitBridge.swift */ = {isa = PBXFileReference; lastKnownFileType = sourcecode.swift; path = SharedKitBridge.swift; sourceTree = "<group>"; };
/* End PBXFileReference section */

/* Begin PBXGroup section */
		292CEE1BCE2BA19DFEAD3CBA /* Fonts */ = {
			isa = PBXGroup;
			children = (
				CF4FE1923E95F87EA8A05028 /* outfit_extralight.ttf */,
				8DD3A0F17E4F13654090ABE8 /* outfit_light.ttf */,
				64370CDCC54B81F0CD76CFAC /* outfit_medium.ttf */,
				9B5EFAB358775E656E932A66 /* outfit_regular.ttf */,
				C694CCA1128C6527CB1476DC /* outfit_semibold.ttf */,
				93E52D4230819F38EC3DE33A /* plex_sans_jp_light.ttf */,
				F45C2D331E41E02B34FBDBF3 /* plex_sans_jp_medium.ttf */,
				D2AF8727D8A981996E1355D9 /* plex_sans_jp_regular.ttf */,
				D2D9928A082C610D9B0A9D67 /* plex_sans_jp_semibold.ttf */,
			);
			path = Fonts;
			sourceTree = "<group>";
		};
		2B3FE666FD202320B4348FCD /* Products */ = {
			isa = PBXGroup;
			children = (
				218C782FC3E24320A8442DC3 /* CalendarAlarmWidget.appex */,
				9BC0FA0EA0069BF21E257989 /* iosApp.app */,
				90ED19FA826B4A1503E171A1 /* MailShareExt.appex */,
			);
			name = Products;
			sourceTree = "<group>";
		};
		BE0919C17107C5FCF3FF9118 = {
			isa = PBXGroup;
			children = (
				CE3DB46906063622E3F3C390 /* iosApp */,
				D71D74FB5839D64D91D1E891 /* MailShareExt */,
				D1824F3F0DF979B1DAEC4174 /* Widget */,
				2B3FE666FD202320B4348FCD /* Products */,
			);
			sourceTree = "<group>";
		};
		CE3DB46906063622E3F3C390 /* iosApp */ = {
			isa = PBXGroup;
			children = (
				66A4F7800854676434D761F4 /* AgendaView.swift */,
				9A431831DE81C49A75897127 /* AgendaViewsIOS.swift */,
				982C5C9DA1E0E6814EDAD684 /* AlarmKitScheduler.swift */,
				E4F003771A83A79DB1D7C14D /* AlarmsView.swift */,
				1664780F463A19E9DA0C56BA /* CalendarAlarmApp.swift */,
				24F9472624F7ECEBFD26FF3E /* Engine.swift */,
				C93BB72148CA1464D80ABDAB /* EventDetailSheet.swift */,
				E327F22CF200C73E0FB08AA7 /* EventKitReader.swift */,
				B399458D4913DD152149CADA /* MailImportView.swift */,
				3C4B1C1CFBE436D31467257B /* Models.swift */,
				EB316460E096240BBFE8B475 /* OnboardingView.swift */,
				01AB4C06EB145E37B770350C /* OpenRouterService.swift */,
				8688F25F9579677C2080FB0E /* RingingView.swift */,
				70278C1DA89E0C3594F39E2A /* SettingsView.swift */,
				F5CB9C72F79CDC56058DD028 /* SharedKitBridge.swift */,
				F4F8642EDA4CA9194F126132 /* Store.swift */,
				C59894E1200D6FB530B33BED /* Theme.swift */,
				A7F9E4A9E5713FBCAE6C31A3 /* TimerView.swift */,
				7A3A04452A7A85976807934D /* TitleCodesSheet.swift */,
				E77D9C74BAD6E368F79E4264 /* WeatherBackdropView.swift */,
				7384BC516B1FE4FB2F672E67 /* WeatherService.swift */,
				292CEE1BCE2BA19DFEAD3CBA /* Fonts */,
			);
			path = iosApp;
			sourceTree = "<group>";
		};
		D1824F3F0DF979B1DAEC4174 /* Widget */ = {
			isa = PBXGroup;
			children = (
				2F0A11DC2B493DF079DC6BD6 /* CalendarAlarmWidget.entitlements */,
				DD581386A891F7FC538C69A5 /* CalendarAlarmWidget.swift */,
			);
			path = Widget;
			sourceTree = "<group>";
		};
		D71D74FB5839D64D91D1E891 /* MailShareExt */ = {
			isa = PBXGroup;
			children = (
				EE03925928578DE0F3DE47BB /* ShareViewController.swift */,
			);
			path = MailShareExt;
			sourceTree = "<group>";
		};
/* End PBXGroup section */

/* Begin PBXNativeTarget section */
		519A56C55D325CCF69337FF6 /* iosApp */ = {
			isa = PBXNativeTarget;
			buildConfigurationList = 4B8885203DD20A373E007B0A /* Build configuration list for PBXNativeTarget "iosApp" */;
			buildPhases = (
				4B614228051DD131E5DF1FD2 /* Build SharedKit (KMP) */,
				FEAF916E19AC90424FEAC526 /* Sources */,
				1D78743548E72CEA38FE3563 /* Resources */,
				618126C3CFF053A5283862C7 /* Embed Foundation Extensions */,
			);
			buildRules = (
			);
			dependencies = (
				44B2CC9F734850128EE180D6 /* PBXTargetDependency */,
				C02B699E573CDCA8A7227136 /* PBXTargetDependency */,
			);
			name = iosApp;
			packageProductDependencies = (
			);
			productName = iosApp;
			productReference = 9BC0FA0EA0069BF21E257989 /* iosApp.app */;
			productType = "com.apple.product-type.application";
		};
		7620626984EAA58FC20789E4 /* MailShareExt */ = {
			isa = PBXNativeTarget;
			buildConfigurationList = 3BD65DAF8C383F6C23058BDE /* Build configuration list for PBXNativeTarget "MailShareExt" */;
			buildPhases = (
				BC18BD6298850BFEA340E4AA /* Sources */,
			);
			buildRules = (
			);
			dependencies = (
			);
			name = MailShareExt;
			packageProductDependencies = (
			);
			productName = MailShareExt;
			productReference = 90ED19FA826B4A1503E171A1 /* MailShareExt.appex */;
			productType = "com.apple.product-type.app-extension";
		};
		CF9949E44635BD9D5B3AD451 /* CalendarAlarmWidget */ = {
			isa = PBXNativeTarget;
			buildConfigurationList = 606E8B601FE411688224FCF1 /* Build configuration list for PBXNativeTarget "CalendarAlarmWidget" */;
			buildPhases = (
				5C88E3F61E0CE9E9F47A582B /* Sources */,
			);
			buildRules = (
			);
			dependencies = (
			);
			name = CalendarAlarmWidget;
			packageProductDependencies = (
			);
			productName = CalendarAlarmWidget;
			productReference = 218C782FC3E24320A8442DC3 /* CalendarAlarmWidget.appex */;
			productType = "com.apple.product-type.app-extension";
		};
/* End PBXNativeTarget section */

/* Begin PBXProject section */
		DE0179BC75C1681044CE6A86 /* Project object */ = {
			isa = PBXProject;
			attributes = {
				BuildIndependentTargetsInParallel = YES;
				LastUpgradeCheck = 1430;
				TargetAttributes = {
					519A56C55D325CCF69337FF6 = {
						DevelopmentTeam = ZZ4FA7NLUY;
						ProvisioningStyle = Automatic;
					};
					7620626984EAA58FC20789E4 = {
						DevelopmentTeam = ZZ4FA7NLUY;
						ProvisioningStyle = Automatic;
					};
					CF9949E44635BD9D5B3AD451 = {
						DevelopmentTeam = ZZ4FA7NLUY;
						ProvisioningStyle = Automatic;
					};
				};
			};
			buildConfigurationList = 85898F13EC9DF58636BE6F59 /* Build configuration list for PBXProject "CalendarAlarm" */;
			developmentRegion = en;
			hasScannedForEncodings = 0;
			knownRegions = (
				Base,
				en,
			);
			mainGroup = BE0919C17107C5FCF3FF9118;
			minimizedProjectReferenceProxies = 1;
			preferredProjectObjectVersion = 77;
			productRefGroup = 2B3FE666FD202320B4348FCD /* Products */;
			projectDirPath = "";
			projectRoot = "";
			targets = (
				519A56C55D325CCF69337FF6 /* iosApp */,
				CF9949E44635BD9D5B3AD451 /* CalendarAlarmWidget */,
				7620626984EAA58FC20789E4 /* MailShareExt */,
			);
		};
/* End PBXProject section */

/* Begin PBXResourcesBuildPhase section */
		1D78743548E72CEA38FE3563 /* Resources */ = {
			isa = PBXResourcesBuildPhase;
			buildActionMask = 2147483647;
			files = (
				29622F303C81E6C8561DA830 /* outfit_extralight.ttf in Resources */,
				AAFC4648F481E8E284EC4F80 /* outfit_light.ttf in Resources */,
				12F8D12737B1B7401B66CA1E /* outfit_medium.ttf in Resources */,
				8DA98EC782D9732A40A26D31 /* outfit_regular.ttf in Resources */,
				A18B776969A5B61C602C3D89 /* outfit_semibold.ttf in Resources */,
				D5FE40480C851F233EFBA4B6 /* plex_sans_jp_light.ttf in Resources */,
				2DF8005728D2E0319C73F77B /* plex_sans_jp_medium.ttf in Resources */,
				0EDE4CE8267312F25F224805 /* plex_sans_jp_regular.ttf in Resources */,
				40D1C13EB37C422D85A661DF /* plex_sans_jp_semibold.ttf in Resources */,
			);
			runOnlyForDeploymentPostprocessing = 0;
		};
/* End PBXResourcesBuildPhase section */

/* Begin PBXShellScriptBuildPhase section */
		4B614228051DD131E5DF1FD2 /* Build SharedKit (KMP) */ = {
			isa = PBXShellScriptBuildPhase;
			buildActionMask = 2147483647;
			files = (
			);
			inputFileListPaths = (
			);
			inputPaths = (
			);
			name = "Build SharedKit (KMP)";
			outputFileListPaths = (
			);
			outputPaths = (
			);
			runOnlyForDeploymentPostprocessing = 0;
			shellPath = /bin/sh;
			shellScript = "set -e\ncd \"$SRCROOT/..\"\n./gradlew :shared:embedAndSignAppleFrameworkForXcode -q\n";
		};
/* End PBXShellScriptBuildPhase section */

/* Begin PBXSourcesBuildPhase section */
		5C88E3F61E0CE9E9F47A582B /* Sources */ = {
			isa = PBXSourcesBuildPhase;
			buildActionMask = 2147483647;
			files = (
				A6D274A92BA0F9A706CB3085 /* CalendarAlarmWidget.swift in Sources */,
			);
			runOnlyForDeploymentPostprocessing = 0;
		};
		BC18BD6298850BFEA340E4AA /* Sources */ = {
			isa = PBXSourcesBuildPhase;
			buildActionMask = 2147483647;
			files = (
				8F780525F00F3096C5364349 /* ShareViewController.swift in Sources */,
			);
			runOnlyForDeploymentPostprocessing = 0;
		};
		FEAF916E19AC90424FEAC526 /* Sources */ = {
			isa = PBXSourcesBuildPhase;
			buildActionMask = 2147483647;
			files = (
				B419682EEBC47B0FA0D3144C /* AgendaView.swift in Sources */,
				6FD84B70A4880BED419DDD24 /* AgendaViewsIOS.swift in Sources */,
				06DB54446C328E66FFD1A494 /* AlarmKitScheduler.swift in Sources */,
				88AD950DD0441ABF8DBADCAE /* AlarmsView.swift in Sources */,
				D00DDF3835BD77953502752A /* CalendarAlarmApp.swift in Sources */,
				4E39CD6EA7BC70A764AACD7A /* Engine.swift in Sources */,
				61495687E00D3BDC4E29BB9B /* EventDetailSheet.swift in Sources */,
				1AC90D4E8D2703925A409766 /* EventKitReader.swift in Sources */,
				4E485751888C27D65F6C4ABA /* MailImportView.swift in Sources */,
				FD5F5F9529EEDE44FE18F446 /* Models.swift in Sources */,
				7004B8AD94302AD02ADCB4D4 /* OnboardingView.swift in Sources */,
				626990B5CF8E3DC8C227D393 /* OpenRouterService.swift in Sources */,
				2E6FBB230347EBF9423F1C52 /* RingingView.swift in Sources */,
				56C929D3E057A4F1B62C284A /* SettingsView.swift in Sources */,
				84CB7D0E16454D83E7DD74BE /* SharedKitBridge.swift in Sources */,
				A793851C3CD7E4B1FDBE5794 /* Store.swift in Sources */,
				70C15B080DE1D75F672A4741 /* Theme.swift in Sources */,
				C81DC1220A1AA99DF92EE408 /* TimerView.swift in Sources */,
				BD5D619B846CB9BA9C171212 /* TitleCodesSheet.swift in Sources */,
				C85633A926A38048ACF31244 /* WeatherBackdropView.swift in Sources */,
				78335F051083F14CA2C916EE /* WeatherService.swift in Sources */,
			);
			runOnlyForDeploymentPostprocessing = 0;
		};
/* End PBXSourcesBuildPhase section */

/* Begin PBXTargetDependency section */
		44B2CC9F734850128EE180D6 /* PBXTargetDependency */ = {
			isa = PBXTargetDependency;
			target = CF9949E44635BD9D5B3AD451 /* CalendarAlarmWidget */;
			targetProxy = 8275E279FBB19AFD05896BBA /* PBXContainerItemProxy */;
		};
		C02B699E573CDCA8A7227136 /* PBXTargetDependency */ = {
			isa = PBXTargetDependency;
			target = 7620626984EAA58FC20789E4 /* MailShareExt */;
			targetProxy = 3AD70F7A16702DCF24845DAF /* PBXContainerItemProxy */;
		};
/* End PBXTargetDependency section */

/* Begin XCBuildConfiguration section */
		0E83680DF276A7E0A6B9622F /* Debug */ = {
			isa = XCBuildConfiguration;
			buildSettings = {
				CODE_SIGN_ENTITLEMENTS = Widget/CalendarAlarmWidget.entitlements;
				GENERATE_INFOPLIST_FILE = NO;
				INFOPLIST_FILE = Widget/Info.plist;
				IPHONEOS_DEPLOYMENT_TARGET = 17.0;
				LD_RUNPATH_SEARCH_PATHS = (
					"$(inherited)",
					"@executable_path/Frameworks",
					"@executable_path/../../Frameworks",
				);
				PRODUCT_BUNDLE_IDENTIFIER = com.calendaralarm.ios.widget;
				SDKROOT = iphoneos;
				TARGETED_DEVICE_FAMILY = "1,2";
			};
			name = Debug;
		};
		341A45BB1E676F07AE37B25B /* Debug */ = {
			isa = XCBuildConfiguration;
			buildSettings = {
				ASSETCATALOG_COMPILER_APPICON_NAME = AppIcon;
				CODE_SIGN_ENTITLEMENTS = iosApp/CalendarAlarm.entitlements;
				CODE_SIGN_IDENTITY = "iPhone Developer";
				FRAMEWORK_SEARCH_PATHS = "$(inherited) $(SRCROOT)/../shared/build/xcode-frameworks/$(CONFIGURATION)/$(SDK_NAME)";
				GENERATE_INFOPLIST_FILE = NO;
				INFOPLIST_FILE = iosApp/Info.plist;
				IPHONEOS_DEPLOYMENT_TARGET = 17.0;
				LD_RUNPATH_SEARCH_PATHS = "$(inherited) @executable_path/Frameworks";
				OTHER_LDFLAGS = "$(inherited) -framework SharedKit";
				PRODUCT_BUNDLE_IDENTIFIER = com.calendaralarm.ios;
				SDKROOT = iphoneos;
				TARGETED_DEVICE_FAMILY = "1,2";
			};
			name = Debug;
		};
		4DB310058E30155E5D04D5DE /* Release */ = {
			isa = XCBuildConfiguration;
			buildSettings = {
				CODE_SIGN_ENTITLEMENTS = Widget/CalendarAlarmWidget.entitlements;
				GENERATE_INFOPLIST_FILE = NO;
				INFOPLIST_FILE = Widget/Info.plist;
				IPHONEOS_DEPLOYMENT_TARGET = 17.0;
				LD_RUNPATH_SEARCH_PATHS = (
					"$(inherited)",
					"@executable_path/Frameworks",
					"@executable_path/../../Frameworks",
				);
				PRODUCT_BUNDLE_IDENTIFIER = com.calendaralarm.ios.widget;
				SDKROOT = iphoneos;
				TARGETED_DEVICE_FAMILY = "1,2";
			};
			name = Release;
		};
		5DC73AFFC472F57C0CBDBFE7 /* Release */ = {
			isa = XCBuildConfiguration;
			buildSettings = {
				CODE_SIGN_ENTITLEMENTS = MailShareExt/MailShareExt.entitlements;
				GENERATE_INFOPLIST_FILE = NO;
				INFOPLIST_FILE = MailShareExt/Info.plist;
				IPHONEOS_DEPLOYMENT_TARGET = 17.0;
				LD_RUNPATH_SEARCH_PATHS = (
					"$(inherited)",
					"@executable_path/Frameworks",
					"@executable_path/../../Frameworks",
				);
				PRODUCT_BUNDLE_IDENTIFIER = com.calendaralarm.ios.shareext;
				SDKROOT = iphoneos;
				TARGETED_DEVICE_FAMILY = "1,2";
			};
			name = Release;
		};
		80467D985FF0C4B7F51C5ECD /* Release */ = {
			isa = XCBuildConfiguration;
			buildSettings = {
				ALWAYS_SEARCH_USER_PATHS = NO;
				CLANG_ANALYZER_NONNULL = YES;
				CLANG_ANALYZER_NUMBER_OBJECT_CONVERSION = YES_AGGRESSIVE;
				CLANG_CXX_LANGUAGE_STANDARD = "gnu++14";
				CLANG_CXX_LIBRARY = "libc++";
				CLANG_ENABLE_MODULES = YES;
				CLANG_ENABLE_OBJC_ARC = YES;
				CLANG_ENABLE_OBJC_WEAK = YES;
				CLANG_WARN_BLOCK_CAPTURE_AUTORELEASING = YES;
				CLANG_WARN_BOOL_CONVERSION = YES;
				CLANG_WARN_COMMA = YES;
				CLANG_WARN_CONSTANT_CONVERSION = YES;
				CLANG_WARN_DEPRECATED_OBJC_IMPLEMENTATIONS = YES;
				CLANG_WARN_DIRECT_OBJC_ISA_USAGE = YES_ERROR;
				CLANG_WARN_DOCUMENTATION_COMMENTS = YES;
				CLANG_WARN_EMPTY_BODY = YES;
				CLANG_WARN_ENUM_CONVERSION = YES;
				CLANG_WARN_INFINITE_RECURSION = YES;
				CLANG_WARN_INT_CONVERSION = YES;
				CLANG_WARN_NON_LITERAL_NULL_CONVERSION = YES;
				CLANG_WARN_OBJC_IMPLICIT_RETAIN_SELF = YES;
				CLANG_WARN_OBJC_LITERAL_CONVERSION = YES;
				CLANG_WARN_OBJC_ROOT_CLASS = YES_ERROR;
				CLANG_WARN_QUOTED_INCLUDE_IN_FRAMEWORK_HEADER = YES;
				CLANG_WARN_RANGE_LOOP_ANALYSIS = YES;
				CLANG_WARN_STRICT_PROTOTYPES = YES;
				CLANG_WARN_SUSPICIOUS_MOVE = YES;
				CLANG_WARN_UNGUARDED_AVAILABILITY = YES_AGGRESSIVE;
				CLANG_WARN_UNREACHABLE_CODE = YES;
				CLANG_WARN__DUPLICATE_METHOD_MATCH = YES;
				CODE_SIGN_STYLE = Automatic;
				COPY_PHASE_STRIP = NO;
				CURRENT_PROJECT_VERSION = 1;
				DEBUG_INFORMATION_FORMAT = "dwarf-with-dsym";
				DEVELOPMENT_TEAM = ZZ4FA7NLUY;
				ENABLE_NS_ASSERTIONS = NO;
				ENABLE_STRICT_OBJC_MSGSEND = YES;
				GCC_C_LANGUAGE_STANDARD = gnu11;
				GCC_NO_COMMON_BLOCKS = YES;
				GCC_WARN_64_TO_32_BIT_CONVERSION = YES;
				GCC_WARN_ABOUT_RETURN_TYPE = YES_ERROR;
				GCC_WARN_UNDECLARED_SELECTOR = YES;
				GCC_WARN_UNINITIALIZED_AUTOS = YES_AGGRESSIVE;
				GCC_WARN_UNUSED_FUNCTION = YES;
				GCC_WARN_UNUSED_VARIABLE = YES;
				MARKETING_VERSION = 1.0;
				MTL_ENABLE_DEBUG_INFO = NO;
				MTL_FAST_MATH = YES;
				PRODUCT_NAME = "$(TARGET_NAME)";
				SDKROOT = iphoneos;
				SWIFT_COMPILATION_MODE = wholemodule;
				SWIFT_OPTIMIZATION_LEVEL = "-O";
				SWIFT_VERSION = 5.0;
			};
			name = Release;
		};
		9431946CEFC04B845083B6C5 /* Release */ = {
			isa = XCBuildConfiguration;
			buildSettings = {
				ASSETCATALOG_COMPILER_APPICON_NAME = AppIcon;
				CODE_SIGN_ENTITLEMENTS = iosApp/CalendarAlarm.entitlements;
				CODE_SIGN_IDENTITY = "iPhone Developer";
				FRAMEWORK_SEARCH_PATHS = "$(inherited) $(SRCROOT)/../shared/build/xcode-frameworks/$(CONFIGURATION)/$(SDK_NAME)";
				GENERATE_INFOPLIST_FILE = NO;
				INFOPLIST_FILE = iosApp/Info.plist;
				IPHONEOS_DEPLOYMENT_TARGET = 17.0;
				LD_RUNPATH_SEARCH_PATHS = "$(inherited) @executable_path/Frameworks";
				OTHER_LDFLAGS = "$(inherited) -framework SharedKit";
				PRODUCT_BUNDLE_IDENTIFIER = com.calendaralarm.ios;
				SDKROOT = iphoneos;
				TARGETED_DEVICE_FAMILY = "1,2";
			};
			name = Release;
		};
		9A525BFF8273FF3623566D62 /* Debug */ = {
			isa = XCBuildConfiguration;
			buildSettings = {
				ALWAYS_SEARCH_USER_PATHS = NO;
				CLANG_ANALYZER_NONNULL = YES;
				CLANG_ANALYZER_NUMBER_OBJECT_CONVERSION = YES_AGGRESSIVE;
				CLANG_CXX_LANGUAGE_STANDARD = "gnu++14";
				CLANG_CXX_LIBRARY = "libc++";
				CLANG_ENABLE_MODULES = YES;
				CLANG_ENABLE_OBJC_ARC = YES;
				CLANG_ENABLE_OBJC_WEAK = YES;
				CLANG_WARN_BLOCK_CAPTURE_AUTORELEASING = YES;
				CLANG_WARN_BOOL_CONVERSION = YES;
				CLANG_WARN_COMMA = YES;
				CLANG_WARN_CONSTANT_CONVERSION = YES;
				CLANG_WARN_DEPRECATED_OBJC_IMPLEMENTATIONS = YES;
				CLANG_WARN_DIRECT_OBJC_ISA_USAGE = YES_ERROR;
				CLANG_WARN_DOCUMENTATION_COMMENTS = YES;
				CLANG_WARN_EMPTY_BODY = YES;
				CLANG_WARN_ENUM_CONVERSION = YES;
				CLANG_WARN_INFINITE_RECURSION = YES;
				CLANG_WARN_INT_CONVERSION = YES;
				CLANG_WARN_NON_LITERAL_NULL_CONVERSION = YES;
				CLANG_WARN_OBJC_IMPLICIT_RETAIN_SELF = YES;
				CLANG_WARN_OBJC_LITERAL_CONVERSION = YES;
				CLANG_WARN_OBJC_ROOT_CLASS = YES_ERROR;
				CLANG_WARN_QUOTED_INCLUDE_IN_FRAMEWORK_HEADER = YES;
				CLANG_WARN_RANGE_LOOP_ANALYSIS = YES;
				CLANG_WARN_STRICT_PROTOTYPES = YES;
				CLANG_WARN_SUSPICIOUS_MOVE = YES;
				CLANG_WARN_UNGUARDED_AVAILABILITY = YES_AGGRESSIVE;
				CLANG_WARN_UNREACHABLE_CODE = YES;
				CLANG_WARN__DUPLICATE_METHOD_MATCH = YES;
				CODE_SIGN_STYLE = Automatic;
				COPY_PHASE_STRIP = NO;
				CURRENT_PROJECT_VERSION = 1;
				DEBUG_INFORMATION_FORMAT = dwarf;
				DEVELOPMENT_TEAM = ZZ4FA7NLUY;
				ENABLE_STRICT_OBJC_MSGSEND = YES;
				ENABLE_TESTABILITY = YES;
				GCC_C_LANGUAGE_STANDARD = gnu11;
				GCC_DYNAMIC_NO_PIC = NO;
				GCC_NO_COMMON_BLOCKS = YES;
				GCC_OPTIMIZATION_LEVEL = 0;
				GCC_PREPROCESSOR_DEFINITIONS = (
					"$(inherited)",
					"DEBUG=1",
				);
				GCC_WARN_64_TO_32_BIT_CONVERSION = YES;
				GCC_WARN_ABOUT_RETURN_TYPE = YES_ERROR;
				GCC_WARN_UNDECLARED_SELECTOR = YES;
				GCC_WARN_UNINITIALIZED_AUTOS = YES_AGGRESSIVE;
				GCC_WARN_UNUSED_FUNCTION = YES;
				GCC_WARN_UNUSED_VARIABLE = YES;
				MARKETING_VERSION = 1.0;
				MTL_ENABLE_DEBUG_INFO = INCLUDE_SOURCE;
				MTL_FAST_MATH = YES;
				ONLY_ACTIVE_ARCH = YES;
				PRODUCT_NAME = "$(TARGET_NAME)";
				SDKROOT = iphoneos;
				SWIFT_ACTIVE_COMPILATION_CONDITIONS = DEBUG;
				SWIFT_OPTIMIZATION_LEVEL = "-Onone";
				SWIFT_VERSION = 5.0;
			};
			name = Debug;
		};
		E62C91D6A579E29D9A6DDCB9 /* Debug */ = {
			isa = XCBuildConfiguration;
			buildSettings = {
				CODE_SIGN_ENTITLEMENTS = MailShareExt/MailShareExt.entitlements;
				GENERATE_INFOPLIST_FILE = NO;
				INFOPLIST_FILE = MailShareExt/Info.plist;
				IPHONEOS_DEPLOYMENT_TARGET = 17.0;
				LD_RUNPATH_SEARCH_PATHS = (
					"$(inherited)",
					"@executable_path/Frameworks",
					"@executable_path/../../Frameworks",
				);
				PRODUCT_BUNDLE_IDENTIFIER = com.calendaralarm.ios.shareext;
				SDKROOT = iphoneos;
				TARGETED_DEVICE_FAMILY = "1,2";
			};
			name = Debug;
		};
/* End XCBuildConfiguration section */

/* Begin XCConfigurationList section */
		3BD65DAF8C383F6C23058BDE /* Build configuration list for PBXNativeTarget "MailShareExt" */ = {
			isa = XCConfigurationList;
			buildConfigurations = (
				E62C91D6A579E29D9A6DDCB9 /* Debug */,
				5DC73AFFC472F57C0CBDBFE7 /* Release */,
			);
			defaultConfigurationIsVisible = 0;
			defaultConfigurationName = Debug;
		};
		4B8885203DD20A373E007B0A /* Build configuration list for PBXNativeTarget "iosApp" */ = {
			isa = XCConfigurationList;
			buildConfigurations = (
				341A45BB1E676F07AE37B25B /* Debug */,
				9431946CEFC04B845083B6C5 /* Release */,
			);
			defaultConfigurationIsVisible = 0;
			defaultConfigurationName = Debug;
		};
		606E8B601FE411688224FCF1 /* Build configuration list for PBXNativeTarget "CalendarAlarmWidget" */ = {
			isa = XCConfigurationList;
			buildConfigurations = (
				0E83680DF276A7E0A6B9622F /* Debug */,
				4DB310058E30155E5D04D5DE /* Release */,
			);
			defaultConfigurationIsVisible = 0;
			defaultConfigurationName = Debug;
		};
		85898F13EC9DF58636BE6F59 /* Build configuration list for PBXProject "CalendarAlarm" */ = {
			isa = XCConfigurationList;
			buildConfigurations = (
				9A525BFF8273FF3623566D62 /* Debug */,
				80467D985FF0C4B7F51C5ECD /* Release */,
			);
			defaultConfigurationIsVisible = 0;
			defaultConfigurationName = Debug;
		};
/* End XCConfigurationList section */
	};
	rootObject = DE0179BC75C1681044CE6A86 /* Project object */;
}
